
Microsoft Visual Studio Solution File, Format Version 12.00
# Visual Studio 15
VisualStudioVersion = 15.0.28307.1082
MinimumVisualStudioVersion = 10.0.40219.1
Project("{FAE04EC0-301F-11D3-BF4B-00C04F79EFBC}") = "Pronote", "Pronote\Pronote.csproj", "{5481AE7E-99C9-42F8-BCAA-9E9EAF109AF6}"
EndProject
Global
	GlobalSection(SolutionConfigurationPlatforms) = preSolution
		Debug|Any CPU = Debug|Any CPU
		Release|Any CPU = Release|Any CPU
	EndGlobalSection
	GlobalSection(ProjectConfigurationPlatforms) = postSolution
		{5481AE7E-99C9-42F8-BCAA-9E9EAF109AF6}.Debug|Any CPU.ActiveCfg = Debug|Any CPU
		{5481AE7E-99C9-42F8-BCAA-9E9EAF109AF6}.Debug|Any CPU.Build.0 = Debug|Any CPU
		{5481AE7E-99C9-42F8-BCAA-9E9EAF109AF6}.Release|Any CPU.ActiveCfg = Release|Any CPU
		{5481AE7E-99C9-42F8-BCAA-9E9EAF109AF6}.Release|Any CPU.Build.0 = Release|Any CPU
	EndGlobalSection
	GlobalSection(SolutionProperties) = preSolution
		HideSolutionNode = FALSE
	EndGlobalSection
	GlobalSection(ExtensibilityGlobals) = postSolution
		SolutionGuid = {47BB5CC2-D7E1-43E1-92B2-5E032D67D97F}
	EndGlobalSection
EndGlobal
